
Microsoft Visual Studio Solution File, Format Version 12.00
# Visual Studio Version 17
VisualStudioVersion = 17.14.37012.4 d17.14
MinimumVisualStudioVersion = 10.0.40219.1
Project("{FAE04EC0-301F-11D3-BF4B-00C04F79EFBC}") = "AplicatieWPF", "AplicatieWPF\AplicatieWPF.csproj", "{02F04EE4-3B24-4893-B60F-B3E923E35BF3}"
EndProject
Global
	GlobalSection(SolutionConfigurationPlatforms) = preSolution
		Debug|Any CPU = Debug|Any CPU
		Release|Any CPU = Release|Any CPU
	EndGlobalSection
	GlobalSection(ProjectConfigurationPlatforms) = postSolution
		{02F04EE4-3B24-4893-B60F-B3E923E35BF3}.Debug|Any CPU.ActiveCfg = Debug|Any CPU
		{02F04EE4-3B24-4893-B60F-B3E923E35BF3}.Debug|Any CPU.Build.0 = Debug|Any CPU
		{02F04EE4-3B24-4893-B60F-B3E923E35BF3}.Release|Any CPU.ActiveCfg = Release|Any CPU
		{02F04EE4-3B24-4893-B60F-B3E923E35BF3}.Release|Any CPU.Build.0 = Release|Any CPU
	EndGlobalSection
	GlobalSection(SolutionProperties) = preSolution
		HideSolutionNode = FALSE
	EndGlobalSection
	GlobalSection(ExtensibilityGlobals) = postSolution
		SolutionGuid = {4D394726-57A6-4C3B-B2C3-1385CE7D53B9}
	EndGlobalSection
EndGlobal
