
Microsoft Visual Studio Solution File, Format Version 12.00
# Visual Studio Version 17
VisualStudioVersion = 17.14.37012.4 d17.14
MinimumVisualStudioVersion = 10.0.40219.1
Project("{FAE04EC0-301F-11D3-BF4B-00C04F79EFBC}") = "GameMarketPlace", "Proiect\GameMarketPlace.csproj", "{450DEEB5-3F2B-48D9-BA47-2304056CDD86}"
EndProject
Project("{FAE04EC0-301F-11D3-BF4B-00C04F79EFBC}") = "LibraryGameAndUsers", "LibraryGameAndUsers\LibraryGameAndUsers.csproj", "{126BE3CA-D6BF-4D77-A2D4-9218807F922D}"
EndProject
Project("{FAE04EC0-301F-11D3-BF4B-00C04F79EFBC}") = "NivelStoreData", "NivelStoreData\NivelStoreData.csproj", "{24F87E8C-F443-4627-8EAA-D5A0686D822D}"
EndProject
Global
	GlobalSection(SolutionConfigurationPlatforms) = preSolution
		Debug|Any CPU = Debug|Any CPU
		Release|Any CPU = Release|Any CPU
	EndGlobalSection
	GlobalSection(ProjectConfigurationPlatforms) = postSolution
		{450DEEB5-3F2B-48D9-BA47-2304056CDD86}.Debug|Any CPU.ActiveCfg = Debug|Any CPU
		{450DEEB5-3F2B-48D9-BA47-2304056CDD86}.Debug|Any CPU.Build.0 = Debug|Any CPU
		{450DEEB5-3F2B-48D9-BA47-2304056CDD86}.Release|Any CPU.ActiveCfg = Release|Any CPU
		{450DEEB5-3F2B-48D9-BA47-2304056CDD86}.Release|Any CPU.Build.0 = Release|Any CPU
		{126BE3CA-D6BF-4D77-A2D4-9218807F922D}.Debug|Any CPU.ActiveCfg = Debug|Any CPU
		{126BE3CA-D6BF-4D77-A2D4-9218807F922D}.Debug|Any CPU.Build.0 = Debug|Any CPU
		{126BE3CA-D6BF-4D77-A2D4-9218807F922D}.Release|Any CPU.ActiveCfg = Release|Any CPU
		{126BE3CA-D6BF-4D77-A2D4-9218807F922D}.Release|Any CPU.Build.0 = Release|Any CPU
		{24F87E8C-F443-4627-8EAA-D5A0686D822D}.Debug|Any CPU.ActiveCfg = Debug|Any CPU
		{24F87E8C-F443-4627-8EAA-D5A0686D822D}.Debug|Any CPU.Build.0 = Debug|Any CPU
		{24F87E8C-F443-4627-8EAA-D5A0686D822D}.Release|Any CPU.ActiveCfg = Release|Any CPU
		{24F87E8C-F443-4627-8EAA-D5A0686D822D}.Release|Any CPU.Build.0 = Release|Any CPU
	EndGlobalSection
	GlobalSection(SolutionProperties) = preSolution
		HideSolutionNode = FALSE
	EndGlobalSection
	GlobalSection(ExtensibilityGlobals) = postSolution
		SolutionGuid = {F74D474D-F2BB-4466-9858-CFAB15ECA75E}
	EndGlobalSection
EndGlobal
